// !$*UTF8*$!
{
	archiveVersion = 1;
	classes = {
	};
	objectVersion = 55;
	objects = {

/* Begin PBXBuildFile section */
		3A59730AA1CBEC1AF4A90426 /* Pods_TGAFoodDeliveryTests.framework in Frameworks */ = {isa = PBXBuildFile; fileRef = 08507F19503EE0E35B8EBFF0 /* Pods_TGAFoodDeliveryTests.framework */; };
		43A8B2C12886B8B800ECC438 /* TGAFoodDeliveryApp.swift in Sources */ = {isa = PBXBuildFile; fileRef = 43A8B2C02886B8B800ECC438 /* TGAFoodDeliveryApp.swift */; };
		43A8B2C32886B8B800ECC438 /* ContentView.swift in Sources */ = {isa = PBXBuildFile; fileRef = 43A8B2C22886B8B800ECC438 /* ContentView.swift */; };
		43A8B2C52886B8BB00ECC438 /* Assets.xcassets in Resources */ = {isa = PBXBuildFile; fileRef = 43A8B2C42886B8BB00ECC438 /* Assets.xcassets */; };
		43A8B2C82886B8BB00ECC438 /* Preview Assets.xcassets in Resources */ = {isa = PBXBuildFile; fileRef = 43A8B2C72886B8BB00ECC438 /* Preview Assets.xcassets */; };
		43A8B2D22886B8BB00ECC438 /* TGAFoodDeliveryTests.swift in Sources */ = {isa = PBXBuildFile; fileRef = 43A8B2D12886B8BB00ECC438 /* TGAFoodDeliveryTests.swift */; };
		43A8B2DC2886B8BB00ECC438 /* TGAFoodDeliveryUITests.swift in Sources */ = {isa = PBXBuildFile; fileRef = 43A8B2DB2886B8BB00ECC438 /* TGAFoodDeliveryUITests.swift */; };
		43A8B2DE2886B8BB00ECC438 /* TGAFoodDeliveryUITestsLaunchTests.swift in Sources */ = {isa = PBXBuildFile; fileRef = 43A8B2DD2886B8BB00ECC438 /* TGAFoodDeliveryUITestsLaunchTests.swift */; };
		71CACAA4B30945B37A819051 /* Pods_TGAFoodDelivery.framework in Frameworks */ = {isa = PBXBuildFile; fileRef = CCD884D91A409BBFA56C16F5 /* Pods_TGAFoodDelivery.framework */; };
		84B336F2AEFB64DD0DD94D63 /* Pods_TGAFoodDelivery_TGAFoodDeliveryUITests.framework in Frameworks */ = {isa = PBXBuildFile; fileRef = 84EF962666846022B2D8A345 /* Pods_TGAFoodDelivery_TGAFoodDeliveryUITests.framework */; };
/* End PBXBuildFile section */

/* Begin PBXContainerItemProxy section */
		43A8B2CE2886B8BB00ECC438 /* PBXContainerItemProxy */ = {
			isa = PBXContainerItemProxy;
			containerPortal = 43A8B2B52886B8B800ECC438 /* Project object */;
			proxyType = 1;
			remoteGlobalIDString = 43A8B2BC2886B8B800ECC438;
			remoteInfo = TGAFoodDelivery;
		};
		43A8B2D82886B8BB00ECC438 /* PBXContainerItemProxy */ = {
			isa = PBXContainerItemProxy;
			containerPortal = 43A8B2B52886B8B800ECC438 /* Project object */;
			proxyType = 1;
			remoteGlobalIDString = 43A8B2BC2886B8B800ECC438;
			remoteInfo = TGAFoodDelivery;
		};
/* End PBXContainerItemProxy section */

/* Begin PBXFileReference section */
		08507F19503EE0E35B8EBFF0 /* Pods_TGAFoodDeliveryTests.framework */ = {isa = PBXFileReference; explicitFileType = wrapper.framework; includeInIndex = 0; path = Pods_TGAFoodDeliveryTests.framework; sourceTree = BUILT_PRODUCTS_DIR; };
		148A987752BA296B97C87F24 /* Pods-TGAFoodDeliveryTests.debug.xcconfig */ = {isa = PBXFileReference; includeInIndex = 1; lastKnownFileType = text.xcconfig; name = "Pods-TGAFoodDeliveryTests.debug.xcconfig"; path = "Target Support Files/Pods-TGAFoodDeliveryTests/Pods-TGAFoodDeliveryTests.debug.xcconfig"; sourceTree = "<group>"; };
		43A8B2BD2886B8B800ECC438 /* TGAFoodDelivery.app */ = {isa = PBXFileReference; explicitFileType = wrapper.application; includeInIndex = 0; path = TGAFoodDelivery.app; sourceTree = BUILT_PRODUCTS_DIR; };
		43A8B2C02886B8B800ECC438 /* TGAFoodDeliveryApp.swift */ = {isa = PBXFileReference; lastKnownFileType = sourcecode.swift; path = TGAFoodDeliveryApp.swift; sourceTree = "<group>"; };
		43A8B2C22886B8B800ECC438 /* ContentView.swift */ = {isa = PBXFileReference; lastKnownFileType = sourcecode.swift; path = ContentView.swift; sourceTree = "<group>"; };
		43A8B2C42886B8BB00ECC438 /* Assets.xcassets */ = {isa = PBXFileReference; lastKnownFileType = folder.assetcatalog; path = Assets.xcassets; sourceTree = "<group>"; };
		43A8B2C72886B8BB00ECC438 /* Preview Assets.xcassets */ = {isa = PBXFileReference; lastKnownFileType = folder.assetcatalog; path = "Preview Assets.xcassets"; sourceTree = "<group>"; };
		43A8B2CD2886B8BB00ECC438 /* TGAFoodDeliveryTests.xctest */ = {isa = PBXFileReference; explicitFileType = wrapper.cfbundle; includeInIndex = 0; path = TGAFoodDeliveryTests.xctest; sourceTree = BUILT_PRODUCTS_DIR; };
		43A8B2D12886B8BB00ECC438 /* TGAFoodDeliveryTests.swift */ = {isa = PBXFileReference; lastKnownFileType = sourcecode.swift; path = TGAFoodDeliveryTests.swift; sourceTree = "<group>"; };
		43A8B2D72886B8BB00ECC438 /* TGAFoodDeliveryUITests.xctest */ = {isa = PBXFileReference; explicitFileType = wrapper.cfbundle; includeInIndex = 0; path = TGAFoodDeliveryUITests.xctest; sourceTree = BUILT_PRODUCTS_DIR; };
		43A8B2DB2886B8BB00ECC438 /* TGAFoodDeliveryUITests.swift */ = {isa = PBXFileReference; lastKnownFileType = sourcecode.swift; path = TGAFoodDeliveryUITests.swift; sourceTree = "<group>"; };
		43A8B2DD2886B8BB00ECC438 /* TGAFoodDeliveryUITestsLaunchTests.swift */ = {isa = PBXFileReference; lastKnownFileType = sourcecode.swift; path = TGAFoodDeliveryUITestsLaunchTests.swift; sourceTree = "<group>"; };
		6A12D9F786D056C1BC7815B5 /* Pods-TGAFoodDelivery.debug.xcconfig */ = {isa = PBXFileReference; includeInIndex = 1; lastKnownFileType = text.xcconfig; name = "Pods-TGAFoodDelivery.debug.xcconfig"; path = "Target Support Files/Pods-TGAFoodDelivery/Pods-TGAFoodDelivery.debug.xcconfig"; sourceTree = "<group>"; };
		7B905810D67A5332F56D0B2C /* Pods-TGAFoodDelivery-TGAFoodDeliveryUITests.debug.xcconfig */ = {isa = PBXFileReference; includeInIndex = 1; lastKnownFileType = text.xcconfig; name = "Pods-TGAFoodDelivery-TGAFoodDeliveryUITests.debug.xcconfig"; path = "Target Support Files/Pods-TGAFoodDelivery-TGAFoodDeliveryUITests/Pods-TGAFoodDelivery-TGAFoodDeliveryUITests.debug.xcconfig"; sourceTree = "<group>"; };
		84EF962666846022B2D8A345 /* Pods_TGAFoodDelivery_TGAFoodDeliveryUITests.framework */ = {isa = PBXFileReference; explicitFileType = wrapper.framework; includeInIndex = 0; path = Pods_TGAFoodDelivery_TGAFoodDeliveryUITests.framework; sourceTree = BUILT_PRODUCTS_DIR; };
		C39082D19CA2C4ECCFB1C3C0 /* Pods-TGAFoodDelivery.release.xcconfig */ = {isa = PBXFileReference; includeInIndex = 1; lastKnownFileType = text.xcconfig; name = "Pods-TGAFoodDelivery.release.xcconfig"; path = "Target Support Files/Pods-TGAFoodDelivery/Pods-TGAFoodDelivery.release.xcconfig"; sourceTree = "<group>"; };
		CCD884D91A409BBFA56C16F5 /* Pods_TGAFoodDelivery.framework */ = {isa = PBXFileReference; explicitFileType = wrapper.framework; includeInIndex = 0; path = Pods_TGAFoodDelivery.framework; sourceTree = BUILT_PRODUCTS_DIR; };
		D1F26B213B18C3E5793A8887 /* Pods-TGAFoodDeliveryTests.release.xcconfig */ = {isa = PBXFileReference; includeInIndex = 1; lastKnownFileType = text.xcconfig; name = "Pods-TGAFoodDeliveryTests.release.xcconfig"; path = "Target Support Files/Pods-TGAFoodDeliveryTests/Pods-TGAFoodDeliveryTests.release.xcconfig"; sourceTree = "<group>"; };
		FF61E515BFAB058BC60170A4 /* Pods-TGAFoodDelivery-TGAFoodDeliveryUITests.release.xcconfig */ = {isa = PBXFileReference; includeInIndex = 1; lastKnownFileType = text.xcconfig; name = "Pods-TGAFoodDelivery-TGAFoodDeliveryUITests.release.xcconfig"; path = "Target Support Files/Pods-TGAFoodDelivery-TGAFoodDeliveryUITests/Pods-TGAFoodDelivery-TGAFoodDeliveryUITests.release.xcconfig"; sourceTree = "<group>"; };
/* End PBXFileReference section */

/* Begin PBXFrameworksBuildPhase section */
		43A8B2BA2886B8B800ECC438 /* Frameworks */ = {
			isa = PBXFrameworksBuildPhase;
			buildActionMask = 2147483647;
			files = (
				71CACAA4B30945B37A819051 /* Pods_TGAFoodDelivery.framework in Frameworks */,
			);
			runOnlyForDeploymentPostprocessing = 0;
		};
		43A8B2CA2886B8BB00ECC438 /* Frameworks */ = {
			isa = PBXFrameworksBuildPhase;
			buildActionMask = 2147483647;
			files = (
				3A59730AA1CBEC1AF4A90426 /* Pods_TGAFoodDeliveryTests.framework in Frameworks */,
			);
			runOnlyForDeploymentPostprocessing = 0;
		};
		43A8B2D42886B8BB00ECC438 /* Frameworks */ = {
			isa = PBXFrameworksBuildPhase;
			buildActionMask = 2147483647;
			files = (
				84B336F2AEFB64DD0DD94D63 /* Pods_TGAFoodDelivery_TGAFoodDeliveryUITests.framework in Frameworks */,
			);
			runOnlyForDeploymentPostprocessing = 0;
		};
/* End PBXFrameworksBuildPhase section */

/* Begin PBXGroup section */
		0A3D521116D388C0A1C2EDE7 /* Frameworks */ = {
			isa = PBXGroup;
			children = (
				CCD884D91A409BBFA56C16F5 /* Pods_TGAFoodDelivery.framework */,
				84EF962666846022B2D8A345 /* Pods_TGAFoodDelivery_TGAFoodDeliveryUITests.framework */,
				08507F19503EE0E35B8EBFF0 /* Pods_TGAFoodDeliveryTests.framework */,
			);
			name = Frameworks;
			sourceTree = "<group>";
		};
		31E13E2FB9E1B90929A0FB98 /* Pods */ = {
			isa = PBXGroup;
			children = (
				6A12D9F786D056C1BC7815B5 /* Pods-TGAFoodDelivery.debug.xcconfig */,
				C39082D19CA2C4ECCFB1C3C0 /* Pods-TGAFoodDelivery.release.xcconfig */,
				7B905810D67A5332F56D0B2C /* Pods-TGAFoodDelivery-TGAFoodDeliveryUITests.debug.xcconfig */,
				FF61E515BFAB058BC60170A4 /* Pods-TGAFoodDelivery-TGAFoodDeliveryUITests.release.xcconfig */,
				148A987752BA296B97C87F24 /* Pods-TGAFoodDeliveryTests.debug.xcconfig */,
				D1F26B213B18C3E5793A8887 /* Pods-TGAFoodDeliveryTests.release.xcconfig */,
			);
			name = Pods;
			path = Pods;
			sourceTree = "<group>";
		};
		43A8B2B42886B8B800ECC438 = {
			isa = PBXGroup;
			children = (
				43A8B2BF2886B8B800ECC438 /* TGAFoodDelivery */,
				43A8B2D02886B8BB00ECC438 /* TGAFoodDeliveryTests */,
				43A8B2DA2886B8BB00ECC438 /* TGAFoodDeliveryUITests */,
				43A8B2BE2886B8B800ECC438 /* Products */,
				31E13E2FB9E1B90929A0FB98 /* Pods */,
				0A3D521116D388C0A1C2EDE7 /* Frameworks */,
			);
			sourceTree = "<group>";
		};
		43A8B2BE2886B8B800ECC438 /* Products */ = {
			isa = PBXGroup;
			children = (
				43A8B2BD2886B8B800ECC438 /* TGAFoodDelivery.app */,
				43A8B2CD2886B8BB00ECC438 /* TGAFoodDeliveryTests.xctest */,
				43A8B2D72886B8BB00ECC438 /* TGAFoodDeliveryUITests.xctest */,
			);
			name = Products;
			sourceTree = "<group>";
		};
		43A8B2BF2886B8B800ECC438 /* TGAFoodDelivery */ = {
			isa = PBXGroup;
			children = (
				43A8B2C02886B8B800ECC438 /* TGAFoodDeliveryApp.swift */,
				43A8B2C22886B8B800ECC438 /* ContentView.swift */,
				43A8B2C42886B8BB00ECC438 /* Assets.xcassets */,
				43A8B2C62886B8BB00ECC438 /* Preview Content */,
			);
			path = TGAFoodDelivery;
			sourceTree = "<group>";
		};
		43A8B2C62886B8BB00ECC438 /* Preview Content */ = {
			isa = PBXGroup;
			children = (
				43A8B2C72886B8BB00ECC438 /* Preview Assets.xcassets */,
			);
			path = "Preview Content";
			sourceTree = "<group>";
		};
		43A8B2D02886B8BB00ECC438 /* TGAFoodDeliveryTests */ = {
			isa = PBXGroup;
			children = (
				43A8B2D12886B8BB00ECC438 /* TGAFoodDeliveryTests.swift */,
			);
			path = TGAFoodDeliveryTests;
			sourceTree = "<group>";
		};
		43A8B2DA2886B8BB00ECC438 /* TGAFoodDeliveryUITests */ = {
			isa = PBXGroup;
			children = (
				43A8B2DB2886B8BB00ECC438 /* TGAFoodDeliveryUITests.swift */,
				43A8B2DD2886B8BB00ECC438 /* TGAFoodDeliveryUITestsLaunchTests.swift */,
			);
			path = TGAFoodDeliveryUITests;
			sourceTree = "<group>";
		};
/* End PBXGroup section */

/* Begin PBXNativeTarget section */
		43A8B2BC2886B8B800ECC438 /* TGAFoodDelivery */ = {
			isa = PBXNativeTarget;
			buildConfigurationList = 43A8B2E12886B8BB00ECC438 /* Build configuration list for PBXNativeTarget "TGAFoodDelivery" */;
			buildPhases = (
				F3643BFB393B28E604DEBC4A /* [CP] Check Pods Manifest.lock */,
				43A8B2B92886B8B800ECC438 /* Sources */,
				43A8B2BA2886B8B800ECC438 /* Frameworks */,
				43A8B2BB2886B8B800ECC438 /* Resources */,
			);
			buildRules = (
			);
			dependencies = (
			);
			name = TGAFoodDelivery;
			productName = TGAFoodDelivery;
			productReference = 43A8B2BD2886B8B800ECC438 /* TGAFoodDelivery.app */;
			productType = "com.apple.product-type.application";
		};
		43A8B2CC2886B8BB00ECC438 /* TGAFoodDeliveryTests */ = {
			isa = PBXNativeTarget;
			buildConfigurationList = 43A8B2E42886B8BB00ECC438 /* Build configuration list for PBXNativeTarget "TGAFoodDeliveryTests" */;
			buildPhases = (
				7BFE46B643AED6402D5DB67A /* [CP] Check Pods Manifest.lock */,
				43A8B2C92886B8BB00ECC438 /* Sources */,
				43A8B2CA2886B8BB00ECC438 /* Frameworks */,
				43A8B2CB2886B8BB00ECC438 /* Resources */,
			);
			buildRules = (
			);
			dependencies = (
				43A8B2CF2886B8BB00ECC438 /* PBXTargetDependency */,
			);
			name = TGAFoodDeliveryTests;
			productName = TGAFoodDeliveryTests;
			productReference = 43A8B2CD2886B8BB00ECC438 /* TGAFoodDeliveryTests.xctest */;
			productType = "com.apple.product-type.bundle.unit-test";
		};
		43A8B2D62886B8BB00ECC438 /* TGAFoodDeliveryUITests */ = {
			isa = PBXNativeTarget;
			buildConfigurationList = 43A8B2E72886B8BB00ECC438 /* Build configuration list for PBXNativeTarget "TGAFoodDeliveryUITests" */;
			buildPhases = (
				6915284AEA5B41041CB27BA4 /* [CP] Check Pods Manifest.lock */,
				43A8B2D32886B8BB00ECC438 /* Sources */,
				43A8B2D42886B8BB00ECC438 /* Frameworks */,
				43A8B2D52886B8BB00ECC438 /* Resources */,
			);
			buildRules = (
			);
			dependencies = (
				43A8B2D92886B8BB00ECC438 /* PBXTargetDependency */,
			);
			name = TGAFoodDeliveryUITests;
			productName = TGAFoodDeliveryUITests;
			productReference = 43A8B2D72886B8BB00ECC438 /* TGAFoodDeliveryUITests.xctest */;
			productType = "com.apple.product-type.bundle.ui-testing";
		};
/* End PBXNativeTarget section */

/* Begin PBXProject section */
		43A8B2B52886B8B800ECC438 /* Project object */ = {
			isa = PBXProject;
			attributes = {
				BuildIndependentTargetsInParallel = 1;
				LastSwiftUpdateCheck = 1300;
				LastUpgradeCheck = 1300;
				TargetAttributes = {
					43A8B2BC2886B8B800ECC438 = {
						CreatedOnToolsVersion = 13.0;
					};
					43A8B2CC2886B8BB00ECC438 = {
						CreatedOnToolsVersion = 13.0;
						TestTargetID = 43A8B2BC2886B8B800ECC438;
					};
					43A8B2D62886B8BB00ECC438 = {
						CreatedOnToolsVersion = 13.0;
						TestTargetID = 43A8B2BC2886B8B800ECC438;
					};
				};
			};
			buildConfigurationList = 43A8B2B82886B8B800ECC438 /* Build configuration list for PBXProject "TGAFoodDelivery" */;
			compatibilityVersion = "Xcode 13.0";
			developmentRegion = en;
			hasScannedForEncodings = 0;
			knownRegions = (
				en,
				Base,
			);
			mainGroup = 43A8B2B42886B8B800ECC438;
			productRefGroup = 43A8B2BE2886B8B800ECC438 /* Products */;
			projectDirPath = "";
			projectRoot = "";
			targets = (
				43A8B2BC2886B8B800ECC438 /* TGAFoodDelivery */,
				43A8B2CC2886B8BB00ECC438 /* TGAFoodDeliveryTests */,
				43A8B2D62886B8BB00ECC438 /* TGAFoodDeliveryUITests */,
			);
		};
/* End PBXProject section */

/* Begin PBXResourcesBuildPhase section */
		43A8B2BB2886B8B800ECC438 /* Resources */ = {
			isa = PBXResourcesBuildPhase;
			buildActionMask = 2147483647;
			files = (
				43A8B2C82886B8BB00ECC438 /* Preview Assets.xcassets in Resources */,
				43A8B2C52886B8BB00ECC438 /* Assets.xcassets in Resources */,
			);
			runOnlyForDeploymentPostprocessing = 0;
		};
		43A8B2CB2886B8BB00ECC438 /* Resources */ = {
			isa = PBXResourcesBuildPhase;
			buildActionMask = 2147483647;
			files = (
			);
			runOnlyForDeploymentPostprocessing = 0;
		};
		43A8B2D52886B8BB00ECC438 /* Resources */ = {
			isa = PBXResourcesBuildPhase;
			buildActionMask = 2147483647;
			files = (
			);
			runOnlyForDeploymentPostprocessing = 0;
		};
/* End PBXResourcesBuildPhase section */

/* Begin PBXShellScriptBuildPhase section */
		6915284AEA5B41041CB27BA4 /* [CP] Check Pods Manifest.lock */ = {
			isa = PBXShellScriptBuildPhase;
			buildActionMask = 2147483647;
			files = (
			);
			inputFileListPaths = (
			);
			inputPaths = (
				"${PODS_PODFILE_DIR_PATH}/Podfile.lock",
				"${PODS_ROOT}/Manifest.lock",
			);
			name = "[CP] Check Pods Manifest.lock";
			outputFileListPaths = (
			);
			outputPaths = (
				"$(DERIVED_FILE_DIR)/Pods-TGAFoodDelivery-TGAFoodDeliveryUITests-checkManifestLockResult.txt",
			);
			runOnlyForDeploymentPostprocessing = 0;
			shellPath = /bin/sh;
			shellScript = "diff \"${PODS_PODFILE_DIR_PATH}/Podfile.lock\" \"${PODS_ROOT}/Manifest.lock\" > /dev/null\nif [ $? != 0 ] ; then\n    # print error to STDERR\n    echo \"error: The sandbox is not in sync with the Podfile.lock. Run 'pod install' or update your CocoaPods installation.\" >&2\n    exit 1\nfi\n# This output is used by Xcode 'outputs' to avoid re-running this script phase.\necho \"SUCCESS\" > \"${SCRIPT_OUTPUT_FILE_0}\"\n";
			showEnvVarsInLog = 0;
		};
		7BFE46B643AED6402D5DB67A /* [CP] Check Pods Manifest.lock */ = {
			isa = PBXShellScriptBuildPhase;
			buildActionMask = 2147483647;
			files = (
			);
			inputFileListPaths = (
			);
			inputPaths = (
				"${PODS_PODFILE_DIR_PATH}/Podfile.lock",
				"${PODS_ROOT}/Manifest.lock",
			);
			name = "[CP] Check Pods Manifest.lock";
			outputFileListPaths = (
			);
			outputPaths = (
				"$(DERIVED_FILE_DIR)/Pods-TGAFoodDeliveryTests-checkManifestLockResult.txt",
			);
			runOnlyForDeploymentPostprocessing = 0;
			shellPath = /bin/sh;
			shellScript = "diff \"${PODS_PODFILE_DIR_PATH}/Podfile.lock\" \"${PODS_ROOT}/Manifest.lock\" > /dev/null\nif [ $? != 0 ] ; then\n    # print error to STDERR\n    echo \"error: The sandbox is not in sync with the Podfile.lock. Run 'pod install' or update your CocoaPods installation.\" >&2\n    exit 1\nfi\n# This output is used by Xcode 'outputs' to avoid re-running this script phase.\necho \"SUCCESS\" > \"${SCRIPT_OUTPUT_FILE_0}\"\n";
			showEnvVarsInLog = 0;
		};
		F3643BFB393B28E604DEBC4A /* [CP] Check Pods Manifest.lock */ = {
			isa = PBXShellScriptBuildPhase;
			buildActionMask = 2147483647;
			files = (
			);
			inputFileListPaths = (
			);
			inputPaths = (
				"${PODS_PODFILE_DIR_PATH}/Podfile.lock",
				"${PODS_ROOT}/Manifest.lock",
			);
			name = "[CP] Check Pods Manifest.lock";
			outputFileListPaths = (
			);
			outputPaths = (
				"$(DERIVED_FILE_DIR)/Pods-TGAFoodDelivery-checkManifestLockResult.txt",
			);
			runOnlyForDeploymentPostprocessing = 0;
			shellPath = /bin/sh;
			shellScript = "diff \"${PODS_PODFILE_DIR_PATH}/Podfile.lock\" \"${PODS_ROOT}/Manifest.lock\" > /dev/null\nif [ $? != 0 ] ; then\n    # print error to STDERR\n    echo \"error: The sandbox is not in sync with the Podfile.lock. Run 'pod install' or update your CocoaPods installation.\" >&2\n    exit 1\nfi\n# This output is used by Xcode 'outputs' to avoid re-running this script phase.\necho \"SUCCESS\" > \"${SCRIPT_OUTPUT_FILE_0}\"\n";
			showEnvVarsInLog = 0;
		};
/* End PBXShellScriptBuildPhase section */

/* Begin PBXSourcesBuildPhase section */
		43A8B2B92886B8B800ECC438 /* Sources */ = {
			isa = PBXSourcesBuildPhase;
			buildActionMask = 2147483647;
			files = (
				43A8B2C32886B8B800ECC438 /* ContentView.swift in Sources */,
				43A8B2C12886B8B800ECC438 /* TGAFoodDeliveryApp.swift in Sources */,
			);
			runOnlyForDeploymentPostprocessing = 0;
		};
		43A8B2C92886B8BB00ECC438 /* Sources */ = {
			isa = PBXSourcesBuildPhase;
			buildActionMask = 2147483647;
			files = (
				43A8B2D22886B8BB00ECC438 /* TGAFoodDeliveryTests.swift in Sources */,
			);
			runOnlyForDeploymentPostprocessing = 0;
		};
		43A8B2D32886B8BB00ECC438 /* Sources */ = {
			isa = PBXSourcesBuildPhase;
			buildActionMask = 2147483647;
			files = (
				43A8B2DC2886B8BB00ECC438 /* TGAFoodDeliveryUITests.swift in Sources */,
				43A8B2DE2886B8BB00ECC438 /* TGAFoodDeliveryUITestsLaunchTests.swift in Sources */,
			);
			runOnlyForDeploymentPostprocessing = 0;
		};
/* End PBXSourcesBuildPhase section */

/* Begin PBXTargetDependency section */
		43A8B2CF2886B8BB00ECC438 /* PBXTargetDependency */ = {
			isa = PBXTargetDependency;
			target = 43A8B2BC2886B8B800ECC438 /* TGAFoodDelivery */;
			targetProxy = 43A8B2CE2886B8BB00ECC438 /* PBXContainerItemProxy */;
		};
		43A8B2D92886B8BB00ECC438 /* PBXTargetDependency */ = {
			isa = PBXTargetDependency;
			target = 43A8B2BC2886B8B800ECC438 /* TGAFoodDelivery */;
			targetProxy = 43A8B2D82886B8BB00ECC438 /* PBXContainerItemProxy */;
		};
/* End PBXTargetDependency section */

/* Begin XCBuildConfiguration section */
		43A8B2DF2886B8BB00ECC438 /* Debug */ = {
			isa = XCBuildConfiguration;
			buildSettings = {
				ALWAYS_SEARCH_USER_PATHS = NO;
				CLANG_ANALYZER_NONNULL = YES;
				CLANG_ANALYZER_NUMBER_OBJECT_CONVERSION = YES_AGGRESSIVE;
				CLANG_CXX_LANGUAGE_STANDARD = "gnu++17";
				CLANG_CXX_LIBRARY = "libc++";
				CLANG_ENABLE_MODULES = YES;
				CLANG_ENABLE_OBJC_ARC = YES;
				CLANG_ENABLE_OBJC_WEAK = YES;
				CLANG_WARN_BLOCK_CAPTURE_AUTORELEASING = YES;
				CLANG_WARN_BOOL_CONVERSION = YES;
				CLANG_WARN_COMMA = YES;
				CLANG_WARN_CONSTANT_CONVERSION = YES;
				CLANG_WARN_DEPRECATED_OBJC_IMPLEMENTATIONS = YES;
				CLANG_WARN_DIRECT_OBJC_ISA_USAGE = YES_ERROR;
				CLANG_WARN_DOCUMENTATION_COMMENTS = YES;
				CLANG_WARN_EMPTY_BODY = YES;
				CLANG_WARN_ENUM_CONVERSION = YES;
				CLANG_WARN_INFINITE_RECURSION = YES;
				CLANG_WARN_INT_CONVERSION = YES;
				CLANG_WARN_NON_LITERAL_NULL_CONVERSION = YES;
				CLANG_WARN_OBJC_IMPLICIT_RETAIN_SELF = YES;
				CLANG_WARN_OBJC_LITERAL_CONVERSION = YES;
				CLANG_WARN_OBJC_ROOT_CLASS = YES_ERROR;
				CLANG_WARN_QUOTED_INCLUDE_IN_FRAMEWORK_HEADER = YES;
				CLANG_WARN_RANGE_LOOP_ANALYSIS = YES;
				CLANG_WARN_STRICT_PROTOTYPES = YES;
				CLANG_WARN_SUSPICIOUS_MOVE = YES;
				CLANG_WARN_UNGUARDED_AVAILABILITY = YES_AGGRESSIVE;
				CLANG_WARN_UNREACHABLE_CODE = YES;
				CLANG_WARN__DUPLICATE_METHOD_MATCH = YES;
				COPY_PHASE_STRIP = NO;
				DEBUG_INFORMATION_FORMAT = dwarf;
				ENABLE_STRICT_OBJC_MSGSEND = YES;
				ENABLE_TESTABILITY = YES;
				GCC_C_LANGUAGE_STANDARD = gnu11;
				GCC_DYNAMIC_NO_PIC = NO;
				GCC_NO_COMMON_BLOCKS = YES;
				GCC_OPTIMIZATION_LEVEL = 0;
				GCC_PREPROCESSOR_DEFINITIONS = (
					"DEBUG=1",
					"$(inherited)",
				);
				GCC_WARN_64_TO_32_BIT_CONVERSION = YES;
				GCC_WARN_ABOUT_RETURN_TYPE = YES_ERROR;
				GCC_WARN_UNDECLARED_SELECTOR = YES;
				GCC_WARN_UNINITIALIZED_AUTOS = YES_AGGRESSIVE;
				GCC_WARN_UNUSED_FUNCTION = YES;
				GCC_WARN_UNUSED_VARIABLE = YES;
				IPHONEOS_DEPLOYMENT_TARGET = 15.0;
				MTL_ENABLE_DEBUG_INFO = INCLUDE_SOURCE;
				MTL_FAST_MATH = YES;
				ONLY_ACTIVE_ARCH = YES;
				SDKROOT = iphoneos;
				SWIFT_ACTIVE_COMPILATION_CONDITIONS = DEBUG;
				SWIFT_OPTIMIZATION_LEVEL = "-Onone";
			};
			name = Debug;
		};
		43A8B2E02886B8BB00ECC438 /* Release */ = {
			isa = XCBuildConfiguration;
			buildSettings = {
				ALWAYS_SEARCH_USER_PATHS = NO;
				CLANG_ANALYZER_NONNULL = YES;
				CLANG_ANALYZER_NUMBER_OBJECT_CONVERSION = YES_AGGRESSIVE;
				CLANG_CXX_LANGUAGE_STANDARD = "gnu++17";
				CLANG_CXX_LIBRARY = "libc++";
				CLANG_ENABLE_MODULES = YES;
				CLANG_ENABLE_OBJC_ARC = YES;
				CLANG_ENABLE_OBJC_WEAK = YES;
				CLANG_WARN_BLOCK_CAPTURE_AUTORELEASING = YES;
				CLANG_WARN_BOOL_CONVERSION = YES;
				CLANG_WARN_COMMA = YES;
				CLANG_WARN_CONSTANT_CONVERSION = YES;
				CLANG_WARN_DEPRECATED_OBJC_IMPLEMENTATIONS = YES;
				CLANG_WARN_DIRECT_OBJC_ISA_USAGE = YES_ERROR;
				CLANG_WARN_DOCUMENTATION_COMMENTS = YES;
				CLANG_WARN_EMPTY_BODY = YES;
				CLANG_WARN_ENUM_CONVERSION = YES;
				CLANG_WARN_INFINITE_RECURSION = YES;
				CLANG_WARN_INT_CONVERSION = YES;
				CLANG_WARN_NON_LITERAL_NULL_CONVERSION = YES;
				CLANG_WARN_OBJC_IMPLICIT_RETAIN_SELF = YES;
				CLANG_WARN_OBJC_LITERAL_CONVERSION = YES;
				CLANG_WARN_OBJC_ROOT_CLASS = YES_ERROR;
				CLANG_WARN_QUOTED_INCLUDE_IN_FRAMEWORK_HEADER = YES;
				CLANG_WARN_RANGE_LOOP_ANALYSIS = YES;
				CLANG_WARN_STRICT_PROTOTYPES = YES;
				CLANG_WARN_SUSPICIOUS_MOVE = YES;
				CLANG_WARN_UNGUARDED_AVAILABILITY = YES_AGGRESSIVE;
				CLANG_WARN_UNREACHABLE_CODE = YES;
				CLANG_WARN__DUPLICATE_METHOD_MATCH = YES;
				COPY_PHASE_STRIP = NO;
				DEBUG_INFORMATION_FORMAT = "dwarf-with-dsym";
				ENABLE_NS_ASSERTIONS = NO;
				ENABLE_STRICT_OBJC_MSGSEND = YES;
				GCC_C_LANGUAGE_STANDARD = gnu11;
				GCC_NO_COMMON_BLOCKS = YES;
				GCC_WARN_64_TO_32_BIT_CONVERSION = YES;
				GCC_WARN_ABOUT_RETURN_TYPE = YES_ERROR;
				GCC_WARN_UNDECLARED_SELECTOR = YES;
				GCC_WARN_UNINITIALIZED_AUTOS = YES_AGGRESSIVE;
				GCC_WARN_UNUSED_FUNCTION = YES;
				GCC_WARN_UNUSED_VARIABLE = YES;
				IPHONEOS_DEPLOYMENT_TARGET = 15.0;
				MTL_ENABLE_DEBUG_INFO = NO;
				MTL_FAST_MATH = YES;
				SDKROOT = iphoneos;
				SWIFT_COMPILATION_MODE = wholemodule;
				SWIFT_OPTIMIZATION_LEVEL = "-O";
				VALIDATE_PRODUCT = YES;
			};
			name = Release;
		};
		43A8B2E22886B8BB00ECC438 /* Debug */ = {
			isa = XCBuildConfiguration;
			baseConfigurationReference = 6A12D9F786D056C1BC7815B5 /* Pods-TGAFoodDelivery.debug.xcconfig */;
			buildSettings = {
				ASSETCATALOG_COMPILER_APPICON_NAME = AppIcon;
				ASSETCATALOG_COMPILER_GLOBAL_ACCENT_COLOR_NAME = AccentColor;
				CODE_SIGN_STYLE = Automatic;
				CURRENT_PROJECT_VERSION = 1;
				DEVELOPMENT_ASSET_PATHS = "\"TGAFoodDelivery/Preview Content\"";
				DEVELOPMENT_TEAM = 98UTR6NN69;
				ENABLE_PREVIEWS = YES;
				GENERATE_INFOPLIST_FILE = YES;
				INFOPLIST_KEY_UIApplicationSceneManifest_Generation = YES;
				INFOPLIST_KEY_UIApplicationSupportsIndirectInputEvents = YES;
				INFOPLIST_KEY_UILaunchScreen_Generation = YES;
				INFOPLIST_KEY_UISupportedInterfaceOrientations_iPad = "UIInterfaceOrientationPortrait UIInterfaceOrientationPortraitUpsideDown UIInterfaceOrientationLandscapeLeft UIInterfaceOrientationLandscapeRight";
				INFOPLIST_KEY_UISupportedInterfaceOrientations_iPhone = "UIInterfaceOrientationPortrait UIInterfaceOrientationLandscapeLeft UIInterfaceOrientationLandscapeRight";
				IPHONEOS_DEPLOYMENT_TARGET = 14.0;
				LD_RUNPATH_SEARCH_PATHS = (
					"$(inherited)",
					"@executable_path/Frameworks",
				);
				MARKETING_VERSION = 1.0;
				PRODUCT_BUNDLE_IDENTIFIER = com.tga.food.delivery.TGAFoodDelivery;
				PRODUCT_NAME = "$(TARGET_NAME)";
				SWIFT_EMIT_LOC_STRINGS = YES;
				SWIFT_VERSION = 5.0;
				TARGETED_DEVICE_FAMILY = "1,2";
			};
			name = Debug;
		};
		43A8B2E32886B8BB00ECC438 /* Release */ = {
			isa = XCBuildConfiguration;
			baseConfigurationReference = C39082D19CA2C4ECCFB1C3C0 /* Pods-TGAFoodDelivery.release.xcconfig */;
			buildSettings = {
				ASSETCATALOG_COMPILER_APPICON_NAME = AppIcon;
				ASSETCATALOG_COMPILER_GLOBAL_ACCENT_COLOR_NAME = AccentColor;
				CODE_SIGN_STYLE = Automatic;
				CURRENT_PROJECT_VERSION = 1;
				DEVELOPMENT_ASSET_PATHS = "\"TGAFoodDelivery/Preview Content\"";
				DEVELOPMENT_TEAM = 98UTR6NN69;
				ENABLE_PREVIEWS = YES;
				GENERATE_INFOPLIST_FILE = YES;
				INFOPLIST_KEY_UIApplicationSceneManifest_Generation = YES;
				INFOPLIST_KEY_UIApplicationSupportsIndirectInputEvents = YES;
				INFOPLIST_KEY_UILaunchScreen_Generation = YES;
				INFOPLIST_KEY_UISupportedInterfaceOrientations_iPad = "UIInterfaceOrientationPortrait UIInterfaceOrientationPortraitUpsideDown UIInterfaceOrientationLandscapeLeft UIInterfaceOrientationLandscapeRight";
				INFOPLIST_KEY_UISupportedInterfaceOrientations_iPhone = "UIInterfaceOrientationPortrait UIInterfaceOrientationLandscapeLeft UIInterfaceOrientationLandscapeRight";
				IPHONEOS_DEPLOYMENT_TARGET = 14.0;
				LD_RUNPATH_SEARCH_PATHS = (
					"$(inherited)",
					"@executable_path/Frameworks",
				);
				MARKETING_VERSION = 1.0;
				PRODUCT_BUNDLE_IDENTIFIER = com.tga.food.delivery.TGAFoodDelivery;
				PRODUCT_NAME = "$(TARGET_NAME)";
				SWIFT_EMIT_LOC_STRINGS = YES;
				SWIFT_VERSION = 5.0;
				TARGETED_DEVICE_FAMILY = "1,2";
			};
			name = Release;
		};
		43A8B2E52886B8BB00ECC438 /* Debug */ = {
			isa = XCBuildConfiguration;
			baseConfigurationReference = 148A987752BA296B97C87F24 /* Pods-TGAFoodDeliveryTests.debug.xcconfig */;
			buildSettings = {
				ALWAYS_EMBED_SWIFT_STANDARD_LIBRARIES = YES;
				BUNDLE_LOADER = "$(TEST_HOST)";
				CODE_SIGN_STYLE = Automatic;
				CURRENT_PROJECT_VERSION = 1;
				DEVELOPMENT_TEAM = 98UTR6NN69;
				GENERATE_INFOPLIST_FILE = YES;
				IPHONEOS_DEPLOYMENT_TARGET = 14.0;
				LD_RUNPATH_SEARCH_PATHS = (
					"$(inherited)",
					"@executable_path/Frameworks",
					"@loader_path/Frameworks",
				);
				MARKETING_VERSION = 1.0;
				PRODUCT_BUNDLE_IDENTIFIER = com.tga.food.delivery.TGAFoodDeliveryTests;
				PRODUCT_NAME = "$(TARGET_NAME)";
				SWIFT_EMIT_LOC_STRINGS = NO;
				SWIFT_VERSION = 5.0;
				TARGETED_DEVICE_FAMILY = "1,2";
				TEST_HOST = "$(BUILT_PRODUCTS_DIR)/TGAFoodDelivery.app/TGAFoodDelivery";
			};
			name = Debug;
		};
		43A8B2E62886B8BB00ECC438 /* Release */ = {
			isa = XCBuildConfiguration;
			baseConfigurationReference = D1F26B213B18C3E5793A8887 /* Pods-TGAFoodDeliveryTests.release.xcconfig */;
			buildSettings = {
				ALWAYS_EMBED_SWIFT_STANDARD_LIBRARIES = YES;
				BUNDLE_LOADER = "$(TEST_HOST)";
				CODE_SIGN_STYLE = Automatic;
				CURRENT_PROJECT_VERSION = 1;
				DEVELOPMENT_TEAM = 98UTR6NN69;
				GENERATE_INFOPLIST_FILE = YES;
				IPHONEOS_DEPLOYMENT_TARGET = 14.0;
				LD_RUNPATH_SEARCH_PATHS = (
					"$(inherited)",
					"@executable_path/Frameworks",
					"@loader_path/Frameworks",
				);
				MARKETING_VERSION = 1.0;
				PRODUCT_BUNDLE_IDENTIFIER = com.tga.food.delivery.TGAFoodDeliveryTests;
				PRODUCT_NAME = "$(TARGET_NAME)";
				SWIFT_EMIT_LOC_STRINGS = NO;
				SWIFT_VERSION = 5.0;
				TARGETED_DEVICE_FAMILY = "1,2";
				TEST_HOST = "$(BUILT_PRODUCTS_DIR)/TGAFoodDelivery.app/TGAFoodDelivery";
			};
			name = Release;
		};
		43A8B2E82886B8BB00ECC438 /* Debug */ = {
			isa = XCBuildConfiguration;
			baseConfigurationReference = 7B905810D67A5332F56D0B2C /* Pods-TGAFoodDelivery-TGAFoodDeliveryUITests.debug.xcconfig */;
			buildSettings = {
				ALWAYS_EMBED_SWIFT_STANDARD_LIBRARIES = YES;
				CODE_SIGN_STYLE = Automatic;
				CURRENT_PROJECT_VERSION = 1;
				DEVELOPMENT_TEAM = 98UTR6NN69;
				GENERATE_INFOPLIST_FILE = YES;
				LD_RUNPATH_SEARCH_PATHS = (
					"$(inherited)",
					"@executable_path/Frameworks",
					"@loader_path/Frameworks",
				);
				MARKETING_VERSION = 1.0;
				PRODUCT_BUNDLE_IDENTIFIER = com.tga.food.delivery.TGAFoodDeliveryUITests;
				PRODUCT_NAME = "$(TARGET_NAME)";
				SWIFT_EMIT_LOC_STRINGS = NO;
				SWIFT_VERSION = 5.0;
				TARGETED_DEVICE_FAMILY = "1,2";
				TEST_TARGET_NAME = TGAFoodDelivery;
			};
			name = Debug;
		};
		43A8B2E92886B8BB00ECC438 /* Release */ = {
			isa = XCBuildConfiguration;
			baseConfigurationReference = FF61E515BFAB058BC60170A4 /* Pods-TGAFoodDelivery-TGAFoodDeliveryUITests.release.xcconfig */;
			buildSettings = {
				ALWAYS_EMBED_SWIFT_STANDARD_LIBRARIES = YES;
				CODE_SIGN_STYLE = Automatic;
				CURRENT_PROJECT_VERSION = 1;
				DEVELOPMENT_TEAM = 98UTR6NN69;
				GENERATE_INFOPLIST_FILE = YES;
				LD_RUNPATH_SEARCH_PATHS = (
					"$(inherited)",
					"@executable_path/Frameworks",
					"@loader_path/Frameworks",
				);
				MARKETING_VERSION = 1.0;
				PRODUCT_BUNDLE_IDENTIFIER = com.tga.food.delivery.TGAFoodDeliveryUITests;
				PRODUCT_NAME = "$(TARGET_NAME)";
				SWIFT_EMIT_LOC_STRINGS = NO;
				SWIFT_VERSION = 5.0;
				TARGETED_DEVICE_FAMILY = "1,2";
				TEST_TARGET_NAME = TGAFoodDelivery;
			};
			name = Release;
		};
/* End XCBuildConfiguration section */

/* Begin XCConfigurationList section */
		43A8B2B82886B8B800ECC438 /* Build configuration list for PBXProject "TGAFoodDelivery" */ = {
			isa = XCConfigurationList;
			buildConfigurations = (
				43A8B2DF2886B8BB00ECC438 /* Debug */,
				43A8B2E02886B8BB00ECC438 /* Release */,
			);
			defaultConfigurationIsVisible = 0;
			defaultConfigurationName = Release;
		};
		43A8B2E12886B8BB00ECC438 /* Build configuration list for PBXNativeTarget "TGAFoodDelivery" */ = {
			isa = XCConfigurationList;
			buildConfigurations = (
				43A8B2E22886B8BB00ECC438 /* Debug */,
				43A8B2E32886B8BB00ECC438 /* Release */,
			);
			defaultConfigurationIsVisible = 0;
			defaultConfigurationName = Release;
		};
		43A8B2E42886B8BB00ECC438 /* Build configuration list for PBXNativeTarget "TGAFoodDeliveryTests" */ = {
			isa = XCConfigurationList;
			buildConfigurations = (
				43A8B2E52886B8BB00ECC438 /* Debug */,
				43A8B2E62886B8BB00ECC438 /* Release */,
			);
			defaultConfigurationIsVisible = 0;
			defaultConfigurationName = Release;
		};
		43A8B2E72886B8BB00ECC438 /* Build configuration list for PBXNativeTarget "TGAFoodDeliveryUITests" */ = {
			isa = XCConfigurationList;
			buildConfigurations = (
				43A8B2E82886B8BB00ECC438 /* Debug */,
				43A8B2E92886B8BB00ECC438 /* Release */,
			);
			defaultConfigurationIsVisible = 0;
			defaultConfigurationName = Release;
		};
/* End XCConfigurationList section */
	};
	rootObject = 43A8B2B52886B8B800ECC438 /* Project object */;
}
